
Microsoft Visual Studio Solution File, Format Version 12.00
# Visual Studio Version 16
VisualStudioVersion = 16.0.31105.61
MinimumVisualStudioVersion = 10.0.40219.1
Project("{FAE04EC0-301F-11D3-BF4B-00C04F79EFBC}") = "Cart.Android", "Cart\Cart.Android\Cart.Android.csproj", "{07CF9D0A-82B0-44F4-8089-0A369F0E8EAC}"
EndProject
Project("{FAE04EC0-301F-11D3-BF4B-00C04F79EFBC}") = "Cart", "Cart\Cart\Cart.csproj", "{77D738F9-AC62-478F-B98F-DAC2843A4D50}"
EndProject
Global
	GlobalSection(SolutionConfigurationPlatforms) = preSolution
		Debug|Any CPU = Debug|Any CPU
		Release|Any CPU = Release|Any CPU
	EndGlobalSection
	GlobalSection(ProjectConfigurationPlatforms) = postSolution
		{07CF9D0A-82B0-44F4-8089-0A369F0E8EAC}.Debug|Any CPU.ActiveCfg = Debug|Any CPU
		{07CF9D0A-82B0-44F4-8089-0A369F0E8EAC}.Debug|Any CPU.Build.0 = Debug|Any CPU
		{07CF9D0A-82B0-44F4-8089-0A369F0E8EAC}.Debug|Any CPU.Deploy.0 = Debug|Any CPU
		{07CF9D0A-82B0-44F4-8089-0A369F0E8EAC}.Release|Any CPU.ActiveCfg = Release|Any CPU
		{07CF9D0A-82B0-44F4-8089-0A369F0E8EAC}.Release|Any CPU.Build.0 = Release|Any CPU
		{07CF9D0A-82B0-44F4-8089-0A369F0E8EAC}.Release|Any CPU.Deploy.0 = Release|Any CPU
		{77D738F9-AC62-478F-B98F-DAC2843A4D50}.Debug|Any CPU.ActiveCfg = Debug|Any CPU
		{77D738F9-AC62-478F-B98F-DAC2843A4D50}.Debug|Any CPU.Build.0 = Debug|Any CPU
		{77D738F9-AC62-478F-B98F-DAC2843A4D50}.Release|Any CPU.ActiveCfg = Release|Any CPU
		{77D738F9-AC62-478F-B98F-DAC2843A4D50}.Release|Any CPU.Build.0 = Release|Any CPU
	EndGlobalSection
	GlobalSection(SolutionProperties) = preSolution
		HideSolutionNode = FALSE
	EndGlobalSection
	GlobalSection(ExtensibilityGlobals) = postSolution
		SolutionGuid = {3ECBCF48-7A12-4E17-8DEA-1A0181A8CFF2}
	EndGlobalSection
EndGlobal
